
Microsoft Visual Studio Solution File, Format Version 12.00
# Visual Studio Version 16
VisualStudioVersion = 16.0.31624.102
MinimumVisualStudioVersion = 10.0.40219.1
Project("{FAE04EC0-301F-11D3-BF4B-00C04F79EFBC}") = "ChallengeAlkemy4", "ChallengeAlkemy4\ChallengeAlkemy4.csproj", "{C3B9E7FF-4CFC-4326-B266-E8B48B283687}"
EndProject
Global
	GlobalSection(SolutionConfigurationPlatforms) = preSolution
		Debug|Any CPU = Debug|Any CPU
		Release|Any CPU = Release|Any CPU
	EndGlobalSection
	GlobalSection(ProjectConfigurationPlatforms) = postSolution
		{C3B9E7FF-4CFC-4326-B266-E8B48B283687}.Debug|Any CPU.ActiveCfg = Debug|Any CPU
		{C3B9E7FF-4CFC-4326-B266-E8B48B283687}.Debug|Any CPU.Build.0 = Debug|Any CPU
		{C3B9E7FF-4CFC-4326-B266-E8B48B283687}.Release|Any CPU.ActiveCfg = Release|Any CPU
		{C3B9E7FF-4CFC-4326-B266-E8B48B283687}.Release|Any CPU.Build.0 = Release|Any CPU
	EndGlobalSection
	GlobalSection(SolutionProperties) = preSolution
		HideSolutionNode = FALSE
	EndGlobalSection
	GlobalSection(ExtensibilityGlobals) = postSolution
		SolutionGuid = {04A7D360-F128-4091-A080-7483E1D1A090}
	EndGlobalSection
EndGlobal
